{
  "pins" : [
    {
      "identity" : "repeatocapture",
      "kind" : "remoteSourceControl",
      "location" : "https://github.com/stoefln/RepeatoCapture",
      "state" : {
        "branch" : "main",
        "revision" : "ea00f2e735ee5a1dcf8d3260257769db121ee64c"
      }
    }
  ],
  "version" : 2
}
