{
  "pins" : [
    {
      "identity" : "ios-connector",
      "kind" : "remoteSourceControl",
      "location" : "https://github.com/repeato-qa/ios-connector",
      "state" : {
        "revision" : "4089043316a44ed474fda28709b38f936f545298",
        "version" : "1.2.3"
      }
    }
  ],
  "version" : 2
}
